<Solution>
  <Project Path="Unity.XR.OpenXR.csproj" />
  <Project Path="Unity.Timeline.csproj" />
  <Project Path="Unity.Timeline.Editor.csproj" />
  <Project Path="Unity.TextMeshPro.Editor.csproj" />
  <Project Path="Unity.XR.Management.csproj" />
  <Project Path="Unity.PlasticSCM.Editor.csproj" />
  <Project Path="Unity.InputSystem.csproj" />
  <Project Path="Unity.XR.Interaction.Toolkit.csproj" />
  <Project Path="UnityEditor.UI.csproj" />
  <Project Path="Unity.XR.CoreUtils.Editor.csproj" />
  <Project Path="Unity.XR.Interaction.Toolkit.Editor.csproj" />
  <Project Path="Unity.Mathematics.csproj" />
  <Project Path="UnityEditor.TestRunner.csproj" />
  <Project Path="UnityEngine.TestRunner.csproj" />
  <Project Path="Unity.XR.CoreUtils.csproj" />
  <Project Path="Unity.XR.Management.Editor.csproj" />
  <Project Path="UnityEngine.UI.csproj" />
  <Project Path="Unity.AI.Navigation.Editor.csproj" />
  <Project Path="Unity.VisualStudio.Editor.csproj" />
  <Project Path="Unity.Rider.Editor.csproj" />
  <Project Path="Skyworth.VideoPlayer.csproj" />
  <Project Path="Unity.AI.Navigation.csproj" />
  <Project Path="Unity.CollabProxy.Editor.csproj" />
  <Project Path="Unity.AI.Navigation.Editor.ConversionSystem.csproj" />
  <Project Path="Unity.XR.OpenXR.Editor.csproj" />
  <Project Path="UnityEditor.XR.LegacyInputHelpers.csproj" />
  <Project Path="Unity.TextMeshPro.csproj" />
  <Project Path="Unity.XR.OpenXR.Features.MockRuntime.csproj" />
  <Project Path="Unity.InputSystem.TestFramework.csproj" />
  <Project Path="Unity.VSCode.Editor.csproj" />
  <Project Path="Assembly-CSharp.csproj" />
  <Project Path="Unity.AI.Navigation.Updater.csproj" />
  <Project Path="UnityEditor.SpatialTracking.csproj" />
  <Project Path="Unity.InputSystem.DocCodeSamples.csproj" />
  <Project Path="Unity.XR.OpenXR.Features.RuntimeDebugger.csproj" />
  <Project Path="UnityEngine.SpatialTracking.csproj" />
  <Project Path="Unity.XR.OpenXR.Features.MetaQuestSupport.csproj" />
  <Project Path="Unity.InputSystem.ForUI.csproj" />
  <Project Path="Unity.Mathematics.Editor.csproj" />
  <Project Path="Unity.XR.OpenXR.Features.MetaQuestSupport.Editor.csproj" />
  <Project Path="UnityEngine.XR.LegacyInputHelpers.csproj" />
  <Project Path="Unity.XR.OpenXR.Features.OculusQuestSupport.Editor.csproj" />
  <Project Path="Unity.XR.OpenXR.Features.RuntimeDebugger.Editor.csproj" />
  <Project Path="Unity.XR.OpenXR.Features.ConformanceAutomation.csproj" />
  <Project Path="Unity.XR.OpenXR.Features.OculusQuestSupport.csproj" />
</Solution>
